
Microsoft Visual Studio Solution File, Format Version 12.00
# Visual Studio Version 17
VisualStudioVersion = 17.10.35027.167
MinimumVisualStudioVersion = 10.0.40219.1
Project("{FAE04EC0-301F-11D3-BF4B-00C04F79EFBC}") = "Practice_program_Pokedex", "Practice_program_Pokedex.csproj", "{17E46263-6090-421C-949C-17B734128C3E}"
EndProject
Global
	GlobalSection(SolutionConfigurationPlatforms) = preSolution
		Debug|Any CPU = Debug|Any CPU
		Release|Any CPU = Release|Any CPU
	EndGlobalSection
	GlobalSection(ProjectConfigurationPlatforms) = postSolution
		{17E46263-6090-421C-949C-17B734128C3E}.Debug|Any CPU.ActiveCfg = Debug|Any CPU
		{17E46263-6090-421C-949C-17B734128C3E}.Debug|Any CPU.Build.0 = Debug|Any CPU
		{17E46263-6090-421C-949C-17B734128C3E}.Release|Any CPU.ActiveCfg = Release|Any CPU
		{17E46263-6090-421C-949C-17B734128C3E}.Release|Any CPU.Build.0 = Release|Any CPU
	EndGlobalSection
	GlobalSection(SolutionProperties) = preSolution
		HideSolutionNode = FALSE
	EndGlobalSection
	GlobalSection(ExtensibilityGlobals) = postSolution
		SolutionGuid = {AEEA800F-5EE1-445A-84C2-785C60C46B74}
	EndGlobalSection
EndGlobal
